{
  "version": 4,
  "terraform_version": "1.13.5",
  "serial": 3,
  "lineage": "ec64bfc3-7f73-cd16-4715-a925e7a7aeda",
  "outputs": {},
  "resources": [
    {
      "mode": "managed",
      "type": "local_file",
      "name": "create_directory",
      "provider": "provider[\"registry.terraform.io/hashicorp/local\"]",
      "instances": [
        {
          "schema_version": 0,
          "attributes": {
            "content": "",
            "content_base64": null,
            "content_base64sha256": "47DEQpj8HBSa+/TImW+5JCeuQeRkm5NMpJWZG3hSuFU=",
            "content_base64sha512": "z4PhNX7vuL3xVChQ1m2AB9Yg5AULVxXcg/SpIdNs6c5H0NE8XYXysP+DGNKHfuwvY7kxvUdBeoGlODJ6+SfaPg==",
            "content_md5": "d41d8cd98f00b204e9800998ecf8427e",
            "content_sha1": "da39a3ee5e6b4b0d3255bfef95601890afd80709",
            "content_sha256": "e3b0c44298fc1c149afbf4c8996fb92427ae41e4649b934ca495991b7852b855",
            "content_sha512": "cf83e1357eefb8bdf1542850d66d8007d620e4050b5715dc83f4a921d36ce9ce47d0d13c5d85f2b0ff8318d2877eec2f63b931bd47417a81a538327af927da3e",
            "directory_permission": "0777",
            "file_permission": "0777",
            "filename": "./my-directory/.gitkeep",
            "id": "da39a3ee5e6b4b0d3255bfef95601890afd80709",
            "sensitive_content": null,
            "source": null
          },
          "sensitive_attributes": [
            [
              {
                "type": "get_attr",
                "value": "sensitive_content"
              }
            ]
          ],
          "identity_schema_version": 0
        }
      ]
    },
    {
      "mode": "managed",
      "type": "local_file",
      "name": "create_file",
      "provider": "provider[\"registry.terraform.io/hashicorp/local\"]",
      "instances": [
        {
          "schema_version": 0,
          "attributes": {
            "content": "This is a sample file created by Terraform.",
            "content_base64": null,
            "content_base64sha256": "jMPzASd0+57CYWunN95Nel2m6e343ItIeUk7eJZIOXY=",
            "content_base64sha512": "TweStB6/hgyRR/a8rEyRkT+SdAOJuVRif6kJV63Zy71oF2os21w8DFLIL03Um9vpBzxRsNOZUsN9dexDTv8yDw==",
            "content_md5": "1be2e220860f9945a79d192ddffd8fda",
            "content_sha1": "cf104155daf4d1ebd2d73766dff6b362967bc489",
            "content_sha256": "8cc3f3012774fb9ec2616ba737de4d7a5da6e9edf8dc8b4879493b7896483976",
            "content_sha512": "4f0792b41ebf860c9147f6bcac4c91913f92740389b954627fa90957add9cbbd68176a2cdb5c3c0c52c82f4dd49bdbe9073c51b0d39952c37d75ec434eff320f",
            "directory_permission": "0777",
            "file_permission": "0777",
            "filename": "./my-directory/patou.txt",
            "id": "cf104155daf4d1ebd2d73766dff6b362967bc489",
            "sensitive_content": null,
            "source": null
          },
          "sensitive_attributes": [
            [
              {
                "type": "get_attr",
                "value": "sensitive_content"
              }
            ]
          ],
          "identity_schema_version": 0
        }
      ]
    }
  ],
  "check_results": null
}
